
Microsoft Visual Studio Solution File, Format Version 12.00
# Visual Studio 14
VisualStudioVersion = 14.0.25420.1
MinimumVisualStudioVersion = 10.0.40219.1
Project("{FAE04EC0-301F-11D3-BF4B-00C04F79EFBC}") = "Base.Framework", "Paint.Framework\Base.Framework.csproj", "{63F90026-EEAF-4EF9-A10D-8A3E6BDB8C22}"
EndProject
Project("{FAE04EC0-301F-11D3-BF4B-00C04F79EFBC}") = "PaintTest", "PaintTest\PaintTest.csproj", "{EAC986AC-6973-457B-BD60-D5172DD1559D}"
EndProject
Global
	GlobalSection(SolutionConfigurationPlatforms) = preSolution
		Debug|Any CPU = Debug|Any CPU
		Release|Any CPU = Release|Any CPU
	EndGlobalSection
	GlobalSection(ProjectConfigurationPlatforms) = postSolution
		{63F90026-EEAF-4EF9-A10D-8A3E6BDB8C22}.Debug|Any CPU.ActiveCfg = Debug|Any CPU
		{63F90026-EEAF-4EF9-A10D-8A3E6BDB8C22}.Debug|Any CPU.Build.0 = Debug|Any CPU
		{63F90026-EEAF-4EF9-A10D-8A3E6BDB8C22}.Release|Any CPU.ActiveCfg = Release|Any CPU
		{63F90026-EEAF-4EF9-A10D-8A3E6BDB8C22}.Release|Any CPU.Build.0 = Release|Any CPU
		{EAC986AC-6973-457B-BD60-D5172DD1559D}.Debug|Any CPU.ActiveCfg = Debug|Any CPU
		{EAC986AC-6973-457B-BD60-D5172DD1559D}.Debug|Any CPU.Build.0 = Debug|Any CPU
		{EAC986AC-6973-457B-BD60-D5172DD1559D}.Release|Any CPU.ActiveCfg = Release|Any CPU
		{EAC986AC-6973-457B-BD60-D5172DD1559D}.Release|Any CPU.Build.0 = Release|Any CPU
	EndGlobalSection
	GlobalSection(SolutionProperties) = preSolution
		HideSolutionNode = FALSE
	EndGlobalSection
EndGlobal
